PODS:
  - Flutter (1.0.0)
  - flutter_contact (0.0.1):
    - Flutter
  - permission_handler (4.0.0):
    - Flutter

DEPENDENCIES:
  - Flutter (from `Flutter`)
  - flutter_contact (from `.symlinks/plugins/flutter_contact/ios`)
  - permission_handler (from `.symlinks/plugins/permission_handler/ios`)

EXTERNAL SOURCES:
  Flutter:
    :path: Flutter
  flutter_contact:
    :path: ".symlinks/plugins/flutter_contact/ios"
  permission_handler:
    :path: ".symlinks/plugins/permission_handler/ios"

SPEC CHECKSUMS:
  Flutter: 0e3d915762c693b495b44d77113d4970485de6ec
  flutter_contact: 3eaa2191a49f3a659deea926650ced804c802e1e
  permission_handler: 0fb88b8a3c23e31e5de45b8f1bb8b7de28cf8941

PODFILE CHECKSUM: 1b66dae606f75376c5f2135a8290850eeb09ae83

COCOAPODS: 1.8.4
